
Microsoft Visual Studio Solution File, Format Version 12.00
# Visual Studio Version 17
VisualStudioVersion = 17.3.32929.385
MinimumVisualStudioVersion = 10.0.40219.1
Project("{FAE04EC0-301F-11D3-BF4B-00C04F79EFBC}") = "uniGame", "uniGame\uniGame.csproj", "{660B463C-93BC-4862-998B-E98B01E500E5}"
EndProject
Global
	GlobalSection(SolutionConfigurationPlatforms) = preSolution
		Debug|Any CPU = Debug|Any CPU
		Release|Any CPU = Release|Any CPU
	EndGlobalSection
	GlobalSection(ProjectConfigurationPlatforms) = postSolution
		{660B463C-93BC-4862-998B-E98B01E500E5}.Debug|Any CPU.ActiveCfg = Debug|Any CPU
		{660B463C-93BC-4862-998B-E98B01E500E5}.Debug|Any CPU.Build.0 = Debug|Any CPU
		{660B463C-93BC-4862-998B-E98B01E500E5}.Release|Any CPU.ActiveCfg = Release|Any CPU
		{660B463C-93BC-4862-998B-E98B01E500E5}.Release|Any CPU.Build.0 = Release|Any CPU
	EndGlobalSection
	GlobalSection(SolutionProperties) = preSolution
		HideSolutionNode = FALSE
	EndGlobalSection
	GlobalSection(ExtensibilityGlobals) = postSolution
		SolutionGuid = {21669B1F-2A9E-4D81-9B3C-B5538E35CD88}
	EndGlobalSection
EndGlobal
