
Microsoft Visual Studio Solution File, Format Version 12.00
# Visual Studio Version 17
VisualStudioVersion = 17.3.32929.385
MinimumVisualStudioVersion = 10.0.40219.1
Project("{FAE04EC0-301F-11D3-BF4B-00C04F79EFBC}") = "贷款模拟器", "贷款模拟器\贷款模拟器.csproj", "{3D9CAFBB-C96D-4DC0-BEAD-E4FF018F1EA5}"
EndProject
Global
	GlobalSection(SolutionConfigurationPlatforms) = preSolution
		Debug|Any CPU = Debug|Any CPU
		Release|Any CPU = Release|Any CPU
	EndGlobalSection
	GlobalSection(ProjectConfigurationPlatforms) = postSolution
		{3D9CAFBB-C96D-4DC0-BEAD-E4FF018F1EA5}.Debug|Any CPU.ActiveCfg = Debug|Any CPU
		{3D9CAFBB-C96D-4DC0-BEAD-E4FF018F1EA5}.Debug|Any CPU.Build.0 = Debug|Any CPU
		{3D9CAFBB-C96D-4DC0-BEAD-E4FF018F1EA5}.Release|Any CPU.ActiveCfg = Release|Any CPU
		{3D9CAFBB-C96D-4DC0-BEAD-E4FF018F1EA5}.Release|Any CPU.Build.0 = Release|Any CPU
	EndGlobalSection
	GlobalSection(SolutionProperties) = preSolution
		HideSolutionNode = FALSE
	EndGlobalSection
	GlobalSection(ExtensibilityGlobals) = postSolution
		SolutionGuid = {E708CA21-952E-4602-8C36-2903AB000011}
	EndGlobalSection
EndGlobal
